
Microsoft Visual Studio Solution File, Format Version 12.00
# Visual Studio 15
Project("{FAE04EC0-301F-11D3-BF4B-00C04F79EFBC}") = "Study_HomeWork_7", "Study_HomeWork_7\Study_HomeWork_7.csproj", "{4D27BA77-464D-4FB6-ACBB-AE075812B17A}"
EndProject
Global
	GlobalSection(SolutionConfigurationPlatforms) = preSolution
		Debug|x86 = Debug|x86
		Release|x86 = Release|x86
	EndGlobalSection
	GlobalSection(ProjectConfigurationPlatforms) = postSolution
		{4D27BA77-464D-4FB6-ACBB-AE075812B17A}.Debug|x86.ActiveCfg = Debug|x86
		{4D27BA77-464D-4FB6-ACBB-AE075812B17A}.Debug|x86.Build.0 = Debug|x86
		{4D27BA77-464D-4FB6-ACBB-AE075812B17A}.Release|x86.ActiveCfg = Release|x86
		{4D27BA77-464D-4FB6-ACBB-AE075812B17A}.Release|x86.Build.0 = Release|x86
	EndGlobalSection
EndGlobal
